# This file is generated by running "yarn install" inside your project.
# Manual changes might be lost - proceed with caution!

__metadata:
  version: 8
  cacheKey: 10

"@aviator/root@workspace:.":
  version: 0.0.0-use.local
  resolution: "@aviator/root@workspace:."
  dependencies:
    "@eth-optimism/contracts-bedrock": "npm:^0.17.3"
    "@openzeppelin/contracts": "https://gitpkg.now.sh/OpenZeppelin/openzeppelin-contracts/contracts?dc44c9f1a4c3b10af99492eed84f83ed244203f6"
    "@openzeppelin/contracts-upgradeable": "https://gitpkg.now.sh/OpenZeppelin/openzeppelin-contracts-upgradeable/contracts?2d081f24cac1a867f6f73d512f2022e1fa987854"
    "@rari-capital/solmate": "https://gitpkg.now.sh/transmissions11/solmate?8f9b23f8838670afda0fd8983f2c41e8037ae6bc"
    "@safe-global/safe-smart-account": "https://gitpkg.now.sh/safe-global/safe-smart-account?e870f514ad34cd9654c72174d6d4a839e3c6639f"
    clones-with-immutable-args: "npm:^1.1.2"
  languageName: unknown
  linkType: soft

"@eth-optimism/contracts-bedrock@npm:^0.17.3":
  version: 0.17.3
  resolution: "@eth-optimism/contracts-bedrock@npm:0.17.3"
  checksum: 10/545a4def0b709ae2d0fac4386fa9a939b15fd87cfc653288d130c3426cd59f94472a228a43980aa38cf61f95fe0b23183eae73e70860a952cb7534da48f95fe4
  languageName: node
  linkType: hard

"@openzeppelin/contracts-upgradeable@https://gitpkg.now.sh/OpenZeppelin/openzeppelin-contracts-upgradeable/contracts?2d081f24cac1a867f6f73d512f2022e1fa987854":
  version: 4.9.6
  resolution: "@openzeppelin/contracts-upgradeable@https://gitpkg.now.sh/OpenZeppelin/openzeppelin-contracts-upgradeable/contracts?2d081f24cac1a867f6f73d512f2022e1fa987854"
  checksum: 10/792dd2b5479b0a9fef121cb7adb1c45c75432d6136218f71c01e291cbd64523e54cc3ba132d0577d091d3cef044e74d42adb208474ce251275886a8a135676f9
  languageName: node
  linkType: hard

"@openzeppelin/contracts@https://gitpkg.now.sh/OpenZeppelin/openzeppelin-contracts/contracts?dc44c9f1a4c3b10af99492eed84f83ed244203f6":
  version: 4.9.6
  resolution: "@openzeppelin/contracts@https://gitpkg.now.sh/OpenZeppelin/openzeppelin-contracts/contracts?dc44c9f1a4c3b10af99492eed84f83ed244203f6"
  checksum: 10/734b711f8e9862dbd00bedfb86c3cb95cd1afb5380fb572af42cb4f0cc370c773faf6b65911e877ba708767f2e4f5e838ca8a8e45a003d1ebf275ed034cf66b6
  languageName: node
  linkType: hard

"@rari-capital/solmate@https://gitpkg.now.sh/transmissions11/solmate?8f9b23f8838670afda0fd8983f2c41e8037ae6bc":
  version: 7.0.0-alpha.3
  resolution: "@rari-capital/solmate@https://gitpkg.now.sh/transmissions11/solmate?8f9b23f8838670afda0fd8983f2c41e8037ae6bc"
  checksum: 10/e206cdf8c6658384e80a6ac299f10bf981fa782bb860ac264ba22be80bdb37f716dc987177c072aaab180af6de748c4435d212455953cf7918bb33ddce96a3f9
  languageName: node
  linkType: hard

"@safe-global/safe-smart-account@https://gitpkg.now.sh/safe-global/safe-smart-account?e870f514ad34cd9654c72174d6d4a839e3c6639f":
  version: 1.4.0
  resolution: "@safe-global/safe-smart-account@https://gitpkg.now.sh/safe-global/safe-smart-account?e870f514ad34cd9654c72174d6d4a839e3c6639f"
  peerDependencies:
    ethers: 5.4.0
  checksum: 10/05c4452f5189cee9291435e7960e193a8fba7f4a38a34a8d3a1d75fbfbb5643096c3dd53994dc96c2acdf8fc95975f3eafa7a53732673ec65d2eda7618705b9d
  languageName: node
  linkType: hard

"clones-with-immutable-args@npm:^1.1.2":
  version: 1.1.2
  resolution: "clones-with-immutable-args@npm:1.1.2"
  checksum: 10/3695bc3eb66dae4885383a26d59ff3b4318359fe2d946134146bc4e11f9ff4aa778f746d98db66a9b25fa706c81d605f1f29a79d13f27bbe28f6c079356eae77
  languageName: node
  linkType: hard
