# This file is generated by running "yarn install" inside your project.
# Manual changes might be lost - proceed with caution!

__metadata:
  version: 8
  cacheKey: 10

"@aviator/root@workspace:.":
  version: 0.0.0-use.local
  resolution: "@aviator/root@workspace:."
  dependencies:
    "@eth-optimism/contracts-bedrock": "patch:@eth-optimism/contracts-bedrock@https%3A//gitpkg.now.sh/ethereum-optimism/optimism/packages/contracts-bedrock?771988b6b0fcf0e80b165dedc57db922c07749e1#~/.yarn/patches/@eth-optimism-contracts-bedrock-https-e91c1d4a6a.patch"
    "@openzeppelin/contracts": "https://gitpkg.now.sh/OpenZeppelin/openzeppelin-contracts/contracts?ecd2ca2cd7cac116f7a37d0e474bbb3d7d5e1c4d"
    "@openzeppelin/contracts-upgradeable": "https://gitpkg.now.sh/OpenZeppelin/openzeppelin-contracts-upgradeable/contracts?0a2cb9a445c365870ed7a8ab461b12acf3e27d63"
    "@rari-capital/solmate": "transmissions11/solmate#8f9b23f8838670afda0fd8983f2c41e8037ae6bc"
    "@safe-global/safe-smart-account": "https://gitpkg.now.sh/safe-global/safe-smart-account?e870f514ad34cd9654c72174d6d4a839e3c6639f"
    clones-with-immutable-args: "npm:^1.1.2"
  languageName: unknown
  linkType: soft

"@eth-optimism/contracts-bedrock@https://gitpkg.now.sh/ethereum-optimism/optimism/packages/contracts-bedrock?771988b6b0fcf0e80b165dedc57db922c07749e1":
  version: 0.16.2
  resolution: "@eth-optimism/contracts-bedrock@https://gitpkg.now.sh/ethereum-optimism/optimism/packages/contracts-bedrock?771988b6b0fcf0e80b165dedc57db922c07749e1"
  checksum: 10/8663c766e323f292a2e1fe329326854f51ccd0355bf6848acd1873c69ed841b040a0dc8636135ac8e52a59d6b978ed7931a772af1ec869b807a58cc286e8ebf2
  languageName: node
  linkType: hard

"@eth-optimism/contracts-bedrock@patch:@eth-optimism/contracts-bedrock@https%3A//gitpkg.now.sh/ethereum-optimism/optimism/packages/contracts-bedrock?771988b6b0fcf0e80b165dedc57db922c07749e1#~/.yarn/patches/@eth-optimism-contracts-bedrock-https-e91c1d4a6a.patch":
  version: 0.16.2
  resolution: "@eth-optimism/contracts-bedrock@patch:@eth-optimism/contracts-bedrock@https%3A//gitpkg.now.sh/ethereum-optimism/optimism/packages/contracts-bedrock?771988b6b0fcf0e80b165dedc57db922c07749e1#~/.yarn/patches/@eth-optimism-contracts-bedrock-https-e91c1d4a6a.patch::version=0.16.2&hash=c6bd93"
  checksum: 10/64d2180574167a75b77a27c4d11c06935046be046bb423483c888cc0dc280d732ad1fb9dc0a493fd107ab75519abdf93560c59e7f7269708ebb38c3144534b4a
  languageName: node
  linkType: hard

"@openzeppelin/contracts-upgradeable@https://gitpkg.now.sh/OpenZeppelin/openzeppelin-contracts-upgradeable/contracts?0a2cb9a445c365870ed7a8ab461b12acf3e27d63":
  version: 4.7.3
  resolution: "@openzeppelin/contracts-upgradeable@https://gitpkg.now.sh/OpenZeppelin/openzeppelin-contracts-upgradeable/contracts?0a2cb9a445c365870ed7a8ab461b12acf3e27d63"
  checksum: 10/4e64887fb857e12326a3f505babe2ff057d47abf14d1341f9e9b38751f08fcead03e7d5206e0d1f85a162a0c1c48d0e93bb786fd1df10db7b56fe6e8f7b6a481
  languageName: node
  linkType: hard

"@openzeppelin/contracts@https://gitpkg.now.sh/OpenZeppelin/openzeppelin-contracts/contracts?ecd2ca2cd7cac116f7a37d0e474bbb3d7d5e1c4d":
  version: 4.7.3
  resolution: "@openzeppelin/contracts@https://gitpkg.now.sh/OpenZeppelin/openzeppelin-contracts/contracts?ecd2ca2cd7cac116f7a37d0e474bbb3d7d5e1c4d"
  checksum: 10/bf8de48912229a5fcc72cc41056bbfb72df58ea618861ae03401e42cf26fc0ce5fe6f33109ae80021d7a8a04cddb6465243475029af8098123e6fe59370ead05
  languageName: node
  linkType: hard

"@rari-capital/solmate@transmissions11/solmate#8f9b23f8838670afda0fd8983f2c41e8037ae6bc":
  version: 7.0.0-alpha.3
  resolution: "@rari-capital/solmate@https://github.com/transmissions11/solmate.git#commit=8f9b23f8838670afda0fd8983f2c41e8037ae6bc"
  checksum: 10/851d999e8f4e98e5bea025bb76192690e27b1dba68f08b08b580087e7bcda8a24ea7fd9124ced54c390ff61d32b309263015296585ee2f64c4477d99df00adf3
  languageName: node
  linkType: hard

"@safe-global/safe-smart-account@https://gitpkg.now.sh/safe-global/safe-smart-account?e870f514ad34cd9654c72174d6d4a839e3c6639f":
  version: 1.4.0
  resolution: "@safe-global/safe-smart-account@https://gitpkg.now.sh/safe-global/safe-smart-account?e870f514ad34cd9654c72174d6d4a839e3c6639f"
  peerDependencies:
    ethers: 5.4.0
  checksum: 10/05c4452f5189cee9291435e7960e193a8fba7f4a38a34a8d3a1d75fbfbb5643096c3dd53994dc96c2acdf8fc95975f3eafa7a53732673ec65d2eda7618705b9d
  languageName: node
  linkType: hard

"clones-with-immutable-args@npm:^1.1.2":
  version: 1.1.2
  resolution: "clones-with-immutable-args@npm:1.1.2"
  checksum: 10/3695bc3eb66dae4885383a26d59ff3b4318359fe2d946134146bc4e11f9ff4aa778f746d98db66a9b25fa706c81d605f1f29a79d13f27bbe28f6c079356eae77
  languageName: node
  linkType: hard
